
Microsoft Visual Studio Solution File, Format Version 12.00
# Visual Studio Version 16
VisualStudioVersion = 16.0.31424.327
MinimumVisualStudioVersion = 10.0.40219.1
Project("{8BC9CEB8-8B4A-11D0-8D11-00A0C91BC942}") = "ej61", "ej61\ej61.vcxproj", "{504E56C0-921F-4EFA-99DF-96BEF13FA51E}"
EndProject
Global
	GlobalSection(SolutionConfigurationPlatforms) = preSolution
		Debug|x64 = Debug|x64
		Debug|x86 = Debug|x86
		Release|x64 = Release|x64
		Release|x86 = Release|x86
	EndGlobalSection
	GlobalSection(ProjectConfigurationPlatforms) = postSolution
		{504E56C0-921F-4EFA-99DF-96BEF13FA51E}.Debug|x64.ActiveCfg = Debug|x64
		{504E56C0-921F-4EFA-99DF-96BEF13FA51E}.Debug|x64.Build.0 = Debug|x64
		{504E56C0-921F-4EFA-99DF-96BEF13FA51E}.Debug|x86.ActiveCfg = Debug|Win32
		{504E56C0-921F-4EFA-99DF-96BEF13FA51E}.Debug|x86.Build.0 = Debug|Win32
		{504E56C0-921F-4EFA-99DF-96BEF13FA51E}.Release|x64.ActiveCfg = Release|x64
		{504E56C0-921F-4EFA-99DF-96BEF13FA51E}.Release|x64.Build.0 = Release|x64
		{504E56C0-921F-4EFA-99DF-96BEF13FA51E}.Release|x86.ActiveCfg = Release|Win32
		{504E56C0-921F-4EFA-99DF-96BEF13FA51E}.Release|x86.Build.0 = Release|Win32
	EndGlobalSection
	GlobalSection(SolutionProperties) = preSolution
		HideSolutionNode = FALSE
	EndGlobalSection
	GlobalSection(ExtensibilityGlobals) = postSolution
		SolutionGuid = {6F505320-FAB1-44ED-ABE5-409ED260B919}
	EndGlobalSection
EndGlobal
