
Microsoft Visual Studio Solution File, Format Version 12.00
# Visual Studio Version 16
VisualStudioVersion = 16.0.31424.327
MinimumVisualStudioVersion = 10.0.40219.1
Project("{8BC9CEB8-8B4A-11D0-8D11-00A0C91BC942}") = "ej1", "ej1\ej1.vcxproj", "{BD9C5595-A53C-44F1-B5CB-7CCA14AB6FC2}"
EndProject
Global
	GlobalSection(SolutionConfigurationPlatforms) = preSolution
		Debug|x64 = Debug|x64
		Debug|x86 = Debug|x86
		Release|x64 = Release|x64
		Release|x86 = Release|x86
	EndGlobalSection
	GlobalSection(ProjectConfigurationPlatforms) = postSolution
		{BD9C5595-A53C-44F1-B5CB-7CCA14AB6FC2}.Debug|x64.ActiveCfg = Debug|x64
		{BD9C5595-A53C-44F1-B5CB-7CCA14AB6FC2}.Debug|x64.Build.0 = Debug|x64
		{BD9C5595-A53C-44F1-B5CB-7CCA14AB6FC2}.Debug|x86.ActiveCfg = Debug|Win32
		{BD9C5595-A53C-44F1-B5CB-7CCA14AB6FC2}.Debug|x86.Build.0 = Debug|Win32
		{BD9C5595-A53C-44F1-B5CB-7CCA14AB6FC2}.Release|x64.ActiveCfg = Release|x64
		{BD9C5595-A53C-44F1-B5CB-7CCA14AB6FC2}.Release|x64.Build.0 = Release|x64
		{BD9C5595-A53C-44F1-B5CB-7CCA14AB6FC2}.Release|x86.ActiveCfg = Release|Win32
		{BD9C5595-A53C-44F1-B5CB-7CCA14AB6FC2}.Release|x86.Build.0 = Release|Win32
	EndGlobalSection
	GlobalSection(SolutionProperties) = preSolution
		HideSolutionNode = FALSE
	EndGlobalSection
	GlobalSection(ExtensibilityGlobals) = postSolution
		SolutionGuid = {3B805038-BA3C-4C63-B2AB-7AA737CB0270}
	EndGlobalSection
EndGlobal
